
Microsoft Visual Studio Solution File, Format Version 12.00
# Visual Studio Version 17
VisualStudioVersion = 17.4.33110.190
MinimumVisualStudioVersion = 10.0.40219.1
Project("{8BC9CEB8-8B4A-11D0-8D11-00A0C91BC942}") = "EagleEngine", "EagleEngine\EagleEngine.vcxproj", "{4ADD2662-DEA4-4CB5-B3B0-E7360649F78F}"
EndProject
Global
	GlobalSection(SolutionConfigurationPlatforms) = preSolution
		Debug|x64 = Debug|x64
		Release|x64 = Release|x64
	EndGlobalSection
	GlobalSection(ProjectConfigurationPlatforms) = postSolution
		{4ADD2662-DEA4-4CB5-B3B0-E7360649F78F}.Debug|x64.ActiveCfg = Debug|x64
		{4ADD2662-DEA4-4CB5-B3B0-E7360649F78F}.Debug|x64.Build.0 = Debug|x64
		{4ADD2662-DEA4-4CB5-B3B0-E7360649F78F}.Release|x64.ActiveCfg = Release|x64
		{4ADD2662-DEA4-4CB5-B3B0-E7360649F78F}.Release|x64.Build.0 = Release|x64
	EndGlobalSection
	GlobalSection(SolutionProperties) = preSolution
		HideSolutionNode = FALSE
	EndGlobalSection
	GlobalSection(ExtensibilityGlobals) = postSolution
		SolutionGuid = {5A791F91-A8C5-49E2-8FCA-9C86BBAC620F}
	EndGlobalSection
EndGlobal
